
Microsoft Visual Studio Solution File, Format Version 12.00
# Visual Studio Version 17
VisualStudioVersion = 17.11.35312.102
MinimumVisualStudioVersion = 10.0.40219.1
Project("{FAE04EC0-301F-11D3-BF4B-00C04F79EFBC}") = "LibraryOrganizer", "LibraryOrganizer.csproj", "{05AD0543-E130-4AC8-8711-8FED910B8A0F}"
EndProject
Global
	GlobalSection(SolutionConfigurationPlatforms) = preSolution
		Debug|Any CPU = Debug|Any CPU
		Release|Any CPU = Release|Any CPU
	EndGlobalSection
	GlobalSection(ProjectConfigurationPlatforms) = postSolution
		{05AD0543-E130-4AC8-8711-8FED910B8A0F}.Debug|Any CPU.ActiveCfg = Debug|Any CPU
		{05AD0543-E130-4AC8-8711-8FED910B8A0F}.Debug|Any CPU.Build.0 = Debug|Any CPU
		{05AD0543-E130-4AC8-8711-8FED910B8A0F}.Release|Any CPU.ActiveCfg = Release|Any CPU
		{05AD0543-E130-4AC8-8711-8FED910B8A0F}.Release|Any CPU.Build.0 = Release|Any CPU
	EndGlobalSection
	GlobalSection(SolutionProperties) = preSolution
		HideSolutionNode = FALSE
	EndGlobalSection
	GlobalSection(ExtensibilityGlobals) = postSolution
		SolutionGuid = {D66CB2D6-D488-424F-B4FC-BB0F5A7D82AE}
	EndGlobalSection
EndGlobal
